
Microsoft Visual Studio Solution File, Format Version 12.00
# Visual Studio 2012
Project("{FAE04EC0-301F-11D3-BF4B-00C04F79EFBC}") = "ArtDatabanken.WebService.Data", "ArtDatabanken.WebService.Data\ArtDatabanken.WebService.Data.csproj", "{ADAE68C2-6967-4368-BA15-97D1A0A7E25C}"
EndProject
Project("{FAE04EC0-301F-11D3-BF4B-00C04F79EFBC}") = "ArtDatabanken.WebService.Data.Test", "ArtDatabanken.WebService.Data.Test\ArtDatabanken.WebService.Data.Test.csproj", "{C65A0E4C-9888-4919-96A6-8960664B1482}"
EndProject
Project("{FAE04EC0-301F-11D3-BF4B-00C04F79EFBC}") = "ArtDatabanken", "..\ArtDatabanken\ArtDatabanken\ArtDatabanken.csproj", "{2CE2FF5B-7CBF-4FE1-84F4-6D03F8BE0CB7}"
EndProject
Global
	GlobalSection(TeamFoundationVersionControl) = preSolution
		SccNumberOfProjects = 4
		SccEnterpriseProvider = {4CA58AB2-18FA-4F8D-95D4-32DDF27D184C}
		SccTeamFoundationServer = https://artdata-tfs.artdata.slu.se:8081/tfs/dev
		SccProjectUniqueName0 = ..\\ArtDatabanken\\ArtDatabanken\\ArtDatabanken.csproj
		SccProjectName0 = ../ArtDatabanken/ArtDatabanken
		SccLocalPath0 = ..\\ArtDatabanken\\ArtDatabanken
		SccProjectUniqueName1 = ArtDatabanken.WebService.Data\\ArtDatabanken.WebService.Data.csproj
		SccProjectName1 = ArtDatabanken.WebService.Data
		SccLocalPath1 = ArtDatabanken.WebService.Data
		SccLocalPath2 = .
		SccProjectUniqueName3 = ArtDatabanken.WebService.Data.Test\\ArtDatabanken.WebService.Data.Test.csproj
		SccProjectName3 = ArtDatabanken.WebService.Data.Test
		SccLocalPath3 = ArtDatabanken.WebService.Data.Test
	EndGlobalSection
	GlobalSection(SolutionConfigurationPlatforms) = preSolution
		Debug|Any CPU = Debug|Any CPU
		Debug|x64 = Debug|x64
		Release 32|Any CPU = Release 32|Any CPU
		Release 32|x64 = Release 32|x64
		Release 64|Any CPU = Release 64|Any CPU
		Release 64|x64 = Release 64|x64
		Release|Any CPU = Release|Any CPU
		Release|x64 = Release|x64
	EndGlobalSection
	GlobalSection(ProjectConfigurationPlatforms) = postSolution
		{ADAE68C2-6967-4368-BA15-97D1A0A7E25C}.Debug|Any CPU.ActiveCfg = Debug|Any CPU
		{ADAE68C2-6967-4368-BA15-97D1A0A7E25C}.Debug|Any CPU.Build.0 = Debug|Any CPU
		{ADAE68C2-6967-4368-BA15-97D1A0A7E25C}.Debug|x64.ActiveCfg = Debug|Any CPU
		{ADAE68C2-6967-4368-BA15-97D1A0A7E25C}.Release 32|Any CPU.ActiveCfg = Release|Any CPU
		{ADAE68C2-6967-4368-BA15-97D1A0A7E25C}.Release 32|Any CPU.Build.0 = Release|Any CPU
		{ADAE68C2-6967-4368-BA15-97D1A0A7E25C}.Release 32|x64.ActiveCfg = Release|Any CPU
		{ADAE68C2-6967-4368-BA15-97D1A0A7E25C}.Release 64|Any CPU.ActiveCfg = Release|Any CPU
		{ADAE68C2-6967-4368-BA15-97D1A0A7E25C}.Release 64|Any CPU.Build.0 = Release|Any CPU
		{ADAE68C2-6967-4368-BA15-97D1A0A7E25C}.Release 64|x64.ActiveCfg = Release|Any CPU
		{ADAE68C2-6967-4368-BA15-97D1A0A7E25C}.Release|Any CPU.ActiveCfg = Release|Any CPU
		{ADAE68C2-6967-4368-BA15-97D1A0A7E25C}.Release|Any CPU.Build.0 = Release|Any CPU
		{ADAE68C2-6967-4368-BA15-97D1A0A7E25C}.Release|x64.ActiveCfg = Release|Any CPU
		{C65A0E4C-9888-4919-96A6-8960664B1482}.Debug|Any CPU.ActiveCfg = Debug|Any CPU
		{C65A0E4C-9888-4919-96A6-8960664B1482}.Debug|Any CPU.Build.0 = Debug|Any CPU
		{C65A0E4C-9888-4919-96A6-8960664B1482}.Debug|x64.ActiveCfg = Debug|Any CPU
		{C65A0E4C-9888-4919-96A6-8960664B1482}.Release 32|Any CPU.ActiveCfg = Release|Any CPU
		{C65A0E4C-9888-4919-96A6-8960664B1482}.Release 32|Any CPU.Build.0 = Release|Any CPU
		{C65A0E4C-9888-4919-96A6-8960664B1482}.Release 32|x64.ActiveCfg = Release|Any CPU
		{C65A0E4C-9888-4919-96A6-8960664B1482}.Release 64|Any CPU.ActiveCfg = Release|Any CPU
		{C65A0E4C-9888-4919-96A6-8960664B1482}.Release 64|Any CPU.Build.0 = Release|Any CPU
		{C65A0E4C-9888-4919-96A6-8960664B1482}.Release 64|x64.ActiveCfg = Release|Any CPU
		{C65A0E4C-9888-4919-96A6-8960664B1482}.Release|Any CPU.ActiveCfg = Release|Any CPU
		{C65A0E4C-9888-4919-96A6-8960664B1482}.Release|Any CPU.Build.0 = Release|Any CPU
		{C65A0E4C-9888-4919-96A6-8960664B1482}.Release|x64.ActiveCfg = Release|Any CPU
		{2CE2FF5B-7CBF-4FE1-84F4-6D03F8BE0CB7}.Debug|Any CPU.ActiveCfg = Debug|Any CPU
		{2CE2FF5B-7CBF-4FE1-84F4-6D03F8BE0CB7}.Debug|Any CPU.Build.0 = Debug|Any CPU
		{2CE2FF5B-7CBF-4FE1-84F4-6D03F8BE0CB7}.Debug|x64.ActiveCfg = Debug|x64
		{2CE2FF5B-7CBF-4FE1-84F4-6D03F8BE0CB7}.Debug|x64.Build.0 = Debug|x64
		{2CE2FF5B-7CBF-4FE1-84F4-6D03F8BE0CB7}.Release 32|Any CPU.ActiveCfg = Release 32|Any CPU
		{2CE2FF5B-7CBF-4FE1-84F4-6D03F8BE0CB7}.Release 32|Any CPU.Build.0 = Release 32|Any CPU
		{2CE2FF5B-7CBF-4FE1-84F4-6D03F8BE0CB7}.Release 32|x64.ActiveCfg = Release 32|x64
		{2CE2FF5B-7CBF-4FE1-84F4-6D03F8BE0CB7}.Release 32|x64.Build.0 = Release 32|x64
		{2CE2FF5B-7CBF-4FE1-84F4-6D03F8BE0CB7}.Release 64|Any CPU.ActiveCfg = Release 64|Any CPU
		{2CE2FF5B-7CBF-4FE1-84F4-6D03F8BE0CB7}.Release 64|Any CPU.Build.0 = Release 64|Any CPU
		{2CE2FF5B-7CBF-4FE1-84F4-6D03F8BE0CB7}.Release 64|x64.ActiveCfg = Release 64|x64
		{2CE2FF5B-7CBF-4FE1-84F4-6D03F8BE0CB7}.Release 64|x64.Build.0 = Release 64|x64
		{2CE2FF5B-7CBF-4FE1-84F4-6D03F8BE0CB7}.Release|Any CPU.ActiveCfg = Release|Any CPU
		{2CE2FF5B-7CBF-4FE1-84F4-6D03F8BE0CB7}.Release|Any CPU.Build.0 = Release|Any CPU
		{2CE2FF5B-7CBF-4FE1-84F4-6D03F8BE0CB7}.Release|x64.ActiveCfg = Release|x64
		{2CE2FF5B-7CBF-4FE1-84F4-6D03F8BE0CB7}.Release|x64.Build.0 = Release|x64
	EndGlobalSection
	GlobalSection(SolutionProperties) = preSolution
		HideSolutionNode = FALSE
	EndGlobalSection
EndGlobal
