
Microsoft Visual Studio Solution File, Format Version 12.00
# Visual Studio 14
VisualStudioVersion = 14.0.25420.1
MinimumVisualStudioVersion = 10.0.40219.1
Project("{2150E333-8FDC-42A3-9474-1A3956D46DE8}") = "Solution Items", "Solution Items", "{97F0103E-C961-49D0-A925-A63614900348}"
	ProjectSection(SolutionItems) = preProject
		AnalysisPortal.runsettings = AnalysisPortal.runsettings
		AnalysisPortalTestSettings.testsettings = AnalysisPortalTestSettings.testsettings
	EndProjectSection
EndProject
Project("{2150E333-8FDC-42A3-9474-1A3956D46DE8}") = ".nuget", ".nuget", "{B6966167-702C-4238-92C3-06CE7A6739BD}"
	ProjectSection(SolutionItems) = preProject
		.nuget\NuGet.Config = .nuget\NuGet.Config
	EndProjectSection
EndProject
Project("{FAE04EC0-301F-11D3-BF4B-00C04F79EFBC}") = "ArtDatabanken", "..\..\DataAccess\ArtDatabanken\ArtDatabanken\ArtDatabanken.csproj", "{2CE2FF5B-7CBF-4FE1-84F4-6D03F8BE0CB7}"
EndProject
Project("{FAE04EC0-301F-11D3-BF4B-00C04F79EFBC}") = "ArtDatabanken.Data", "..\..\DataAccess\ArtDatabanken.Data\ArtDatabanken.Data\ArtDatabanken.Data.csproj", "{B1493059-6445-4DA5-B58D-8876BEA79DD0}"
EndProject
Project("{FAE04EC0-301F-11D3-BF4B-00C04F79EFBC}") = "ArtDatabanken.GIS", "..\..\Common\ArtDatabanken.GIS\ArtDatabanken.GIS\ArtDatabanken.GIS.csproj", "{0ED6C7D1-52C0-44C7-B52C-43A7A56BC897}"
EndProject
Project("{FAE04EC0-301F-11D3-BF4B-00C04F79EFBC}") = "ArtDatabanken.WebApplication", "..\..\Common\ArtDatabanken.WebApplication\ArtDatabanken.WebApplication\ArtDatabanken.WebApplication.csproj", "{C61F2F90-2345-4099-B8C8-DA5E414BFB2F}"
EndProject
Project("{FAE04EC0-301F-11D3-BF4B-00C04F79EFBC}") = "ArtDatabanken.WebService.Client", "..\..\DataAccess\ArtDatabanken.WebService.Client\ArtDatabanken.WebService.Client\ArtDatabanken.WebService.Client.csproj", "{54AE5807-085D-4D93-85D2-1694C2ECD22D}"
EndProject
Project("{FAE04EC0-301F-11D3-BF4B-00C04F79EFBC}") = "ArtDatabanken.WebService.Data", "..\..\DataAccess\ArtDatabanken.WebService.Data\ArtDatabanken.WebService.Data\ArtDatabanken.WebService.Data.csproj", "{ADAE68C2-6967-4368-BA15-97D1A0A7E25C}"
EndProject
Project("{FAE04EC0-301F-11D3-BF4B-00C04F79EFBC}") = "ArtDatabanken.WebService.Proxy", "..\..\DataAccess\ArtDatabanken.WebService.Proxy\ArtDatabanken.WebService.Proxy\ArtDatabanken.WebService.Proxy.csproj", "{E0BDD6BC-E301-4DC9-A15A-54700E620D9D}"
EndProject
Project("{FAE04EC0-301F-11D3-BF4B-00C04F79EFBC}") = "AnalysisPortal", "AnalysisPortal\AnalysisPortal.csproj", "{56CB1E68-E0D3-429E-83AD-6CDA17003BAF}"
EndProject
Project("{FAE04EC0-301F-11D3-BF4B-00C04F79EFBC}") = "ArtDatabanken.WebApplication.AnalysisPortal", "ArtDatabanken.WebApplication.AnalysisPortal\ArtDatabanken.WebApplication.AnalysisPortal.csproj", "{EACBE4E2-57FB-4DB3-9119-0E93F8037412}"
EndProject
Project("{FAE04EC0-301F-11D3-BF4B-00C04F79EFBC}") = "ArtDatabanken.WebApplication.AnalysisPortal.Test", "ArtDatabanken.WebApplication.AnalysisPortal.Test\ArtDatabanken.WebApplication.AnalysisPortal.Test.csproj", "{90B4A08A-4C12-47FB-ABAB-673BA6CBBC04}"
EndProject
Project("{FAE04EC0-301F-11D3-BF4B-00C04F79EFBC}") = "AnalysisPortal.Test", "AnalysisPortal.Test\AnalysisPortal.Test.csproj", "{723C9CC7-6EA9-4F94-AE24-2F7E431A87A9}"
EndProject
Project("{FAE04EC0-301F-11D3-BF4B-00C04F79EFBC}") = "AnalysisPortal.CoypuTest", "AnalysisPortal.CoypuTest\AnalysisPortal.CoypuTest.csproj", "{D19600DB-B336-4EC3-AAD8-A90F46270E1F}"
EndProject
Global
	GlobalSection(SolutionConfigurationPlatforms) = preSolution
		Debug|Any CPU = Debug|Any CPU
		Debug|x64 = Debug|x64
		Debug|x86 = Debug|x86
		Release 32|Any CPU = Release 32|Any CPU
		Release 32|x64 = Release 32|x64
		Release 32|x86 = Release 32|x86
		Release 64|Any CPU = Release 64|Any CPU
		Release 64|x64 = Release 64|x64
		Release 64|x86 = Release 64|x86
		Release|Any CPU = Release|Any CPU
		Release|x64 = Release|x64
		Release|x86 = Release|x86
	EndGlobalSection
	GlobalSection(ProjectConfigurationPlatforms) = postSolution
		{2CE2FF5B-7CBF-4FE1-84F4-6D03F8BE0CB7}.Debug|Any CPU.ActiveCfg = Debug|Any CPU
		{2CE2FF5B-7CBF-4FE1-84F4-6D03F8BE0CB7}.Debug|Any CPU.Build.0 = Debug|Any CPU
		{2CE2FF5B-7CBF-4FE1-84F4-6D03F8BE0CB7}.Debug|x64.ActiveCfg = Debug|x64
		{2CE2FF5B-7CBF-4FE1-84F4-6D03F8BE0CB7}.Debug|x64.Build.0 = Debug|x64
		{2CE2FF5B-7CBF-4FE1-84F4-6D03F8BE0CB7}.Debug|x86.ActiveCfg = Debug|Any CPU
		{2CE2FF5B-7CBF-4FE1-84F4-6D03F8BE0CB7}.Release 32|Any CPU.ActiveCfg = Release 32|Any CPU
		{2CE2FF5B-7CBF-4FE1-84F4-6D03F8BE0CB7}.Release 32|Any CPU.Build.0 = Release 32|Any CPU
		{2CE2FF5B-7CBF-4FE1-84F4-6D03F8BE0CB7}.Release 32|x64.ActiveCfg = Release 32|x64
		{2CE2FF5B-7CBF-4FE1-84F4-6D03F8BE0CB7}.Release 32|x64.Build.0 = Release 32|x64
		{2CE2FF5B-7CBF-4FE1-84F4-6D03F8BE0CB7}.Release 32|x86.ActiveCfg = Release 32|Any CPU
		{2CE2FF5B-7CBF-4FE1-84F4-6D03F8BE0CB7}.Release 64|Any CPU.ActiveCfg = Release 64|Any CPU
		{2CE2FF5B-7CBF-4FE1-84F4-6D03F8BE0CB7}.Release 64|Any CPU.Build.0 = Release 64|Any CPU
		{2CE2FF5B-7CBF-4FE1-84F4-6D03F8BE0CB7}.Release 64|x64.ActiveCfg = Release 64|x64
		{2CE2FF5B-7CBF-4FE1-84F4-6D03F8BE0CB7}.Release 64|x64.Build.0 = Release 64|x64
		{2CE2FF5B-7CBF-4FE1-84F4-6D03F8BE0CB7}.Release 64|x86.ActiveCfg = Release 64|Any CPU
		{2CE2FF5B-7CBF-4FE1-84F4-6D03F8BE0CB7}.Release|Any CPU.ActiveCfg = Release|Any CPU
		{2CE2FF5B-7CBF-4FE1-84F4-6D03F8BE0CB7}.Release|Any CPU.Build.0 = Release|Any CPU
		{2CE2FF5B-7CBF-4FE1-84F4-6D03F8BE0CB7}.Release|x64.ActiveCfg = Release|x64
		{2CE2FF5B-7CBF-4FE1-84F4-6D03F8BE0CB7}.Release|x64.Build.0 = Release|x64
		{2CE2FF5B-7CBF-4FE1-84F4-6D03F8BE0CB7}.Release|x86.ActiveCfg = Release|Any CPU
		{B1493059-6445-4DA5-B58D-8876BEA79DD0}.Debug|Any CPU.ActiveCfg = Debug|Any CPU
		{B1493059-6445-4DA5-B58D-8876BEA79DD0}.Debug|Any CPU.Build.0 = Debug|Any CPU
		{B1493059-6445-4DA5-B58D-8876BEA79DD0}.Debug|x64.ActiveCfg = Debug|Any CPU
		{B1493059-6445-4DA5-B58D-8876BEA79DD0}.Debug|x86.ActiveCfg = Debug|Any CPU
		{B1493059-6445-4DA5-B58D-8876BEA79DD0}.Release 32|Any CPU.ActiveCfg = Release|Any CPU
		{B1493059-6445-4DA5-B58D-8876BEA79DD0}.Release 32|Any CPU.Build.0 = Release|Any CPU
		{B1493059-6445-4DA5-B58D-8876BEA79DD0}.Release 32|x64.ActiveCfg = Release|Any CPU
		{B1493059-6445-4DA5-B58D-8876BEA79DD0}.Release 32|x86.ActiveCfg = Release|Any CPU
		{B1493059-6445-4DA5-B58D-8876BEA79DD0}.Release 64|Any CPU.ActiveCfg = Release|Any CPU
		{B1493059-6445-4DA5-B58D-8876BEA79DD0}.Release 64|Any CPU.Build.0 = Release|Any CPU
		{B1493059-6445-4DA5-B58D-8876BEA79DD0}.Release 64|x64.ActiveCfg = Release|Any CPU
		{B1493059-6445-4DA5-B58D-8876BEA79DD0}.Release 64|x86.ActiveCfg = Release|Any CPU
		{B1493059-6445-4DA5-B58D-8876BEA79DD0}.Release|Any CPU.ActiveCfg = Release|Any CPU
		{B1493059-6445-4DA5-B58D-8876BEA79DD0}.Release|Any CPU.Build.0 = Release|Any CPU
		{B1493059-6445-4DA5-B58D-8876BEA79DD0}.Release|x64.ActiveCfg = Release|Any CPU
		{B1493059-6445-4DA5-B58D-8876BEA79DD0}.Release|x86.ActiveCfg = Release|Any CPU
		{0ED6C7D1-52C0-44C7-B52C-43A7A56BC897}.Debug|Any CPU.ActiveCfg = Debug|Any CPU
		{0ED6C7D1-52C0-44C7-B52C-43A7A56BC897}.Debug|Any CPU.Build.0 = Debug|Any CPU
		{0ED6C7D1-52C0-44C7-B52C-43A7A56BC897}.Debug|x64.ActiveCfg = Debug|Any CPU
		{0ED6C7D1-52C0-44C7-B52C-43A7A56BC897}.Debug|x86.ActiveCfg = Debug|Any CPU
		{0ED6C7D1-52C0-44C7-B52C-43A7A56BC897}.Release 32|Any CPU.ActiveCfg = Release|Any CPU
		{0ED6C7D1-52C0-44C7-B52C-43A7A56BC897}.Release 32|Any CPU.Build.0 = Release|Any CPU
		{0ED6C7D1-52C0-44C7-B52C-43A7A56BC897}.Release 32|x64.ActiveCfg = Release|Any CPU
		{0ED6C7D1-52C0-44C7-B52C-43A7A56BC897}.Release 32|x86.ActiveCfg = Release|Any CPU
		{0ED6C7D1-52C0-44C7-B52C-43A7A56BC897}.Release 64|Any CPU.ActiveCfg = Release|Any CPU
		{0ED6C7D1-52C0-44C7-B52C-43A7A56BC897}.Release 64|Any CPU.Build.0 = Release|Any CPU
		{0ED6C7D1-52C0-44C7-B52C-43A7A56BC897}.Release 64|x64.ActiveCfg = Release|Any CPU
		{0ED6C7D1-52C0-44C7-B52C-43A7A56BC897}.Release 64|x86.ActiveCfg = Release|Any CPU
		{0ED6C7D1-52C0-44C7-B52C-43A7A56BC897}.Release|Any CPU.ActiveCfg = Release|Any CPU
		{0ED6C7D1-52C0-44C7-B52C-43A7A56BC897}.Release|Any CPU.Build.0 = Release|Any CPU
		{0ED6C7D1-52C0-44C7-B52C-43A7A56BC897}.Release|x64.ActiveCfg = Release|Any CPU
		{0ED6C7D1-52C0-44C7-B52C-43A7A56BC897}.Release|x86.ActiveCfg = Release|Any CPU
		{C61F2F90-2345-4099-B8C8-DA5E414BFB2F}.Debug|Any CPU.ActiveCfg = Debug|Any CPU
		{C61F2F90-2345-4099-B8C8-DA5E414BFB2F}.Debug|Any CPU.Build.0 = Debug|Any CPU
		{C61F2F90-2345-4099-B8C8-DA5E414BFB2F}.Debug|x64.ActiveCfg = Debug|Any CPU
		{C61F2F90-2345-4099-B8C8-DA5E414BFB2F}.Debug|x86.ActiveCfg = Debug|Any CPU
		{C61F2F90-2345-4099-B8C8-DA5E414BFB2F}.Release 32|Any CPU.ActiveCfg = Release|Any CPU
		{C61F2F90-2345-4099-B8C8-DA5E414BFB2F}.Release 32|Any CPU.Build.0 = Release|Any CPU
		{C61F2F90-2345-4099-B8C8-DA5E414BFB2F}.Release 32|x64.ActiveCfg = Release|Any CPU
		{C61F2F90-2345-4099-B8C8-DA5E414BFB2F}.Release 32|x86.ActiveCfg = Release|Any CPU
		{C61F2F90-2345-4099-B8C8-DA5E414BFB2F}.Release 64|Any CPU.ActiveCfg = Release|Any CPU
		{C61F2F90-2345-4099-B8C8-DA5E414BFB2F}.Release 64|Any CPU.Build.0 = Release|Any CPU
		{C61F2F90-2345-4099-B8C8-DA5E414BFB2F}.Release 64|x64.ActiveCfg = Release|Any CPU
		{C61F2F90-2345-4099-B8C8-DA5E414BFB2F}.Release 64|x86.ActiveCfg = Release|Any CPU
		{C61F2F90-2345-4099-B8C8-DA5E414BFB2F}.Release|Any CPU.ActiveCfg = Release|Any CPU
		{C61F2F90-2345-4099-B8C8-DA5E414BFB2F}.Release|Any CPU.Build.0 = Release|Any CPU
		{C61F2F90-2345-4099-B8C8-DA5E414BFB2F}.Release|x64.ActiveCfg = Release|Any CPU
		{C61F2F90-2345-4099-B8C8-DA5E414BFB2F}.Release|x86.ActiveCfg = Release|Any CPU
		{54AE5807-085D-4D93-85D2-1694C2ECD22D}.Debug|Any CPU.ActiveCfg = Debug|Any CPU
		{54AE5807-085D-4D93-85D2-1694C2ECD22D}.Debug|Any CPU.Build.0 = Debug|Any CPU
		{54AE5807-085D-4D93-85D2-1694C2ECD22D}.Debug|x64.ActiveCfg = Debug|Any CPU
		{54AE5807-085D-4D93-85D2-1694C2ECD22D}.Debug|x86.ActiveCfg = Debug|Any CPU
		{54AE5807-085D-4D93-85D2-1694C2ECD22D}.Release 32|Any CPU.ActiveCfg = Release|Any CPU
		{54AE5807-085D-4D93-85D2-1694C2ECD22D}.Release 32|Any CPU.Build.0 = Release|Any CPU
		{54AE5807-085D-4D93-85D2-1694C2ECD22D}.Release 32|x64.ActiveCfg = Release|Any CPU
		{54AE5807-085D-4D93-85D2-1694C2ECD22D}.Release 32|x86.ActiveCfg = Release|Any CPU
		{54AE5807-085D-4D93-85D2-1694C2ECD22D}.Release 64|Any CPU.ActiveCfg = Release|Any CPU
		{54AE5807-085D-4D93-85D2-1694C2ECD22D}.Release 64|Any CPU.Build.0 = Release|Any CPU
		{54AE5807-085D-4D93-85D2-1694C2ECD22D}.Release 64|x64.ActiveCfg = Release|Any CPU
		{54AE5807-085D-4D93-85D2-1694C2ECD22D}.Release 64|x86.ActiveCfg = Release|Any CPU
		{54AE5807-085D-4D93-85D2-1694C2ECD22D}.Release|Any CPU.ActiveCfg = Release|Any CPU
		{54AE5807-085D-4D93-85D2-1694C2ECD22D}.Release|Any CPU.Build.0 = Release|Any CPU
		{54AE5807-085D-4D93-85D2-1694C2ECD22D}.Release|x64.ActiveCfg = Release|Any CPU
		{54AE5807-085D-4D93-85D2-1694C2ECD22D}.Release|x86.ActiveCfg = Release|Any CPU
		{ADAE68C2-6967-4368-BA15-97D1A0A7E25C}.Debug|Any CPU.ActiveCfg = Debug|Any CPU
		{ADAE68C2-6967-4368-BA15-97D1A0A7E25C}.Debug|Any CPU.Build.0 = Debug|Any CPU
		{ADAE68C2-6967-4368-BA15-97D1A0A7E25C}.Debug|x64.ActiveCfg = Debug|Any CPU
		{ADAE68C2-6967-4368-BA15-97D1A0A7E25C}.Debug|x86.ActiveCfg = Debug|Any CPU
		{ADAE68C2-6967-4368-BA15-97D1A0A7E25C}.Release 32|Any CPU.ActiveCfg = Release|Any CPU
		{ADAE68C2-6967-4368-BA15-97D1A0A7E25C}.Release 32|Any CPU.Build.0 = Release|Any CPU
		{ADAE68C2-6967-4368-BA15-97D1A0A7E25C}.Release 32|x64.ActiveCfg = Release|Any CPU
		{ADAE68C2-6967-4368-BA15-97D1A0A7E25C}.Release 32|x86.ActiveCfg = Release|Any CPU
		{ADAE68C2-6967-4368-BA15-97D1A0A7E25C}.Release 64|Any CPU.ActiveCfg = Release|Any CPU
		{ADAE68C2-6967-4368-BA15-97D1A0A7E25C}.Release 64|Any CPU.Build.0 = Release|Any CPU
		{ADAE68C2-6967-4368-BA15-97D1A0A7E25C}.Release 64|x64.ActiveCfg = Release|Any CPU
		{ADAE68C2-6967-4368-BA15-97D1A0A7E25C}.Release 64|x86.ActiveCfg = Release|Any CPU
		{ADAE68C2-6967-4368-BA15-97D1A0A7E25C}.Release|Any CPU.ActiveCfg = Release|Any CPU
		{ADAE68C2-6967-4368-BA15-97D1A0A7E25C}.Release|Any CPU.Build.0 = Release|Any CPU
		{ADAE68C2-6967-4368-BA15-97D1A0A7E25C}.Release|x64.ActiveCfg = Release|Any CPU
		{ADAE68C2-6967-4368-BA15-97D1A0A7E25C}.Release|x86.ActiveCfg = Release|Any CPU
		{E0BDD6BC-E301-4DC9-A15A-54700E620D9D}.Debug|Any CPU.ActiveCfg = Debug|Any CPU
		{E0BDD6BC-E301-4DC9-A15A-54700E620D9D}.Debug|Any CPU.Build.0 = Debug|Any CPU
		{E0BDD6BC-E301-4DC9-A15A-54700E620D9D}.Debug|x64.ActiveCfg = Debug|Any CPU
		{E0BDD6BC-E301-4DC9-A15A-54700E620D9D}.Debug|x86.ActiveCfg = Debug|Any CPU
		{E0BDD6BC-E301-4DC9-A15A-54700E620D9D}.Release 32|Any CPU.ActiveCfg = Release|Any CPU
		{E0BDD6BC-E301-4DC9-A15A-54700E620D9D}.Release 32|Any CPU.Build.0 = Release|Any CPU
		{E0BDD6BC-E301-4DC9-A15A-54700E620D9D}.Release 32|x64.ActiveCfg = Release|Any CPU
		{E0BDD6BC-E301-4DC9-A15A-54700E620D9D}.Release 32|x86.ActiveCfg = Release|Any CPU
		{E0BDD6BC-E301-4DC9-A15A-54700E620D9D}.Release 64|Any CPU.ActiveCfg = Release|Any CPU
		{E0BDD6BC-E301-4DC9-A15A-54700E620D9D}.Release 64|Any CPU.Build.0 = Release|Any CPU
		{E0BDD6BC-E301-4DC9-A15A-54700E620D9D}.Release 64|x64.ActiveCfg = Release|Any CPU
		{E0BDD6BC-E301-4DC9-A15A-54700E620D9D}.Release 64|x86.ActiveCfg = Release|Any CPU
		{E0BDD6BC-E301-4DC9-A15A-54700E620D9D}.Release|Any CPU.ActiveCfg = Release|Any CPU
		{E0BDD6BC-E301-4DC9-A15A-54700E620D9D}.Release|Any CPU.Build.0 = Release|Any CPU
		{E0BDD6BC-E301-4DC9-A15A-54700E620D9D}.Release|x64.ActiveCfg = Release|Any CPU
		{E0BDD6BC-E301-4DC9-A15A-54700E620D9D}.Release|x86.ActiveCfg = Release|Any CPU
		{56CB1E68-E0D3-429E-83AD-6CDA17003BAF}.Debug|Any CPU.ActiveCfg = Debug|Any CPU
		{56CB1E68-E0D3-429E-83AD-6CDA17003BAF}.Debug|Any CPU.Build.0 = Debug|Any CPU
		{56CB1E68-E0D3-429E-83AD-6CDA17003BAF}.Debug|x64.ActiveCfg = Debug|Any CPU
		{56CB1E68-E0D3-429E-83AD-6CDA17003BAF}.Debug|x86.ActiveCfg = Debug|Any CPU
		{56CB1E68-E0D3-429E-83AD-6CDA17003BAF}.Release 32|Any CPU.ActiveCfg = Release|Any CPU
		{56CB1E68-E0D3-429E-83AD-6CDA17003BAF}.Release 32|Any CPU.Build.0 = Release|Any CPU
		{56CB1E68-E0D3-429E-83AD-6CDA17003BAF}.Release 32|x64.ActiveCfg = Release|Any CPU
		{56CB1E68-E0D3-429E-83AD-6CDA17003BAF}.Release 32|x86.ActiveCfg = Release|Any CPU
		{56CB1E68-E0D3-429E-83AD-6CDA17003BAF}.Release 64|Any CPU.ActiveCfg = Release|Any CPU
		{56CB1E68-E0D3-429E-83AD-6CDA17003BAF}.Release 64|Any CPU.Build.0 = Release|Any CPU
		{56CB1E68-E0D3-429E-83AD-6CDA17003BAF}.Release 64|x64.ActiveCfg = Release|Any CPU
		{56CB1E68-E0D3-429E-83AD-6CDA17003BAF}.Release 64|x86.ActiveCfg = Release|Any CPU
		{56CB1E68-E0D3-429E-83AD-6CDA17003BAF}.Release|Any CPU.ActiveCfg = Release|Any CPU
		{56CB1E68-E0D3-429E-83AD-6CDA17003BAF}.Release|Any CPU.Build.0 = Release|Any CPU
		{56CB1E68-E0D3-429E-83AD-6CDA17003BAF}.Release|x64.ActiveCfg = Release|Any CPU
		{56CB1E68-E0D3-429E-83AD-6CDA17003BAF}.Release|x86.ActiveCfg = Release|Any CPU
		{EACBE4E2-57FB-4DB3-9119-0E93F8037412}.Debug|Any CPU.ActiveCfg = Debug|Any CPU
		{EACBE4E2-57FB-4DB3-9119-0E93F8037412}.Debug|Any CPU.Build.0 = Debug|Any CPU
		{EACBE4E2-57FB-4DB3-9119-0E93F8037412}.Debug|x64.ActiveCfg = Debug|Any CPU
		{EACBE4E2-57FB-4DB3-9119-0E93F8037412}.Debug|x86.ActiveCfg = Debug|Any CPU
		{EACBE4E2-57FB-4DB3-9119-0E93F8037412}.Release 32|Any CPU.ActiveCfg = Release|Any CPU
		{EACBE4E2-57FB-4DB3-9119-0E93F8037412}.Release 32|Any CPU.Build.0 = Release|Any CPU
		{EACBE4E2-57FB-4DB3-9119-0E93F8037412}.Release 32|x64.ActiveCfg = Release|Any CPU
		{EACBE4E2-57FB-4DB3-9119-0E93F8037412}.Release 32|x86.ActiveCfg = Release|Any CPU
		{EACBE4E2-57FB-4DB3-9119-0E93F8037412}.Release 64|Any CPU.ActiveCfg = Release|Any CPU
		{EACBE4E2-57FB-4DB3-9119-0E93F8037412}.Release 64|Any CPU.Build.0 = Release|Any CPU
		{EACBE4E2-57FB-4DB3-9119-0E93F8037412}.Release 64|x64.ActiveCfg = Release|Any CPU
		{EACBE4E2-57FB-4DB3-9119-0E93F8037412}.Release 64|x86.ActiveCfg = Release|Any CPU
		{EACBE4E2-57FB-4DB3-9119-0E93F8037412}.Release|Any CPU.ActiveCfg = Release|Any CPU
		{EACBE4E2-57FB-4DB3-9119-0E93F8037412}.Release|Any CPU.Build.0 = Release|Any CPU
		{EACBE4E2-57FB-4DB3-9119-0E93F8037412}.Release|x64.ActiveCfg = Release|Any CPU
		{EACBE4E2-57FB-4DB3-9119-0E93F8037412}.Release|x86.ActiveCfg = Release|Any CPU
		{90B4A08A-4C12-47FB-ABAB-673BA6CBBC04}.Debug|Any CPU.ActiveCfg = Debug|Any CPU
		{90B4A08A-4C12-47FB-ABAB-673BA6CBBC04}.Debug|Any CPU.Build.0 = Debug|Any CPU
		{90B4A08A-4C12-47FB-ABAB-673BA6CBBC04}.Debug|x64.ActiveCfg = Debug|Any CPU
		{90B4A08A-4C12-47FB-ABAB-673BA6CBBC04}.Debug|x86.ActiveCfg = Debug|Any CPU
		{90B4A08A-4C12-47FB-ABAB-673BA6CBBC04}.Release 32|Any CPU.ActiveCfg = Release|Any CPU
		{90B4A08A-4C12-47FB-ABAB-673BA6CBBC04}.Release 32|Any CPU.Build.0 = Release|Any CPU
		{90B4A08A-4C12-47FB-ABAB-673BA6CBBC04}.Release 32|x64.ActiveCfg = Release|Any CPU
		{90B4A08A-4C12-47FB-ABAB-673BA6CBBC04}.Release 32|x86.ActiveCfg = Release|Any CPU
		{90B4A08A-4C12-47FB-ABAB-673BA6CBBC04}.Release 64|Any CPU.ActiveCfg = Release|Any CPU
		{90B4A08A-4C12-47FB-ABAB-673BA6CBBC04}.Release 64|Any CPU.Build.0 = Release|Any CPU
		{90B4A08A-4C12-47FB-ABAB-673BA6CBBC04}.Release 64|x64.ActiveCfg = Release|Any CPU
		{90B4A08A-4C12-47FB-ABAB-673BA6CBBC04}.Release 64|x86.ActiveCfg = Release|Any CPU
		{90B4A08A-4C12-47FB-ABAB-673BA6CBBC04}.Release|Any CPU.ActiveCfg = Release|Any CPU
		{90B4A08A-4C12-47FB-ABAB-673BA6CBBC04}.Release|Any CPU.Build.0 = Release|Any CPU
		{90B4A08A-4C12-47FB-ABAB-673BA6CBBC04}.Release|x64.ActiveCfg = Release|Any CPU
		{90B4A08A-4C12-47FB-ABAB-673BA6CBBC04}.Release|x86.ActiveCfg = Release|Any CPU
		{723C9CC7-6EA9-4F94-AE24-2F7E431A87A9}.Debug|Any CPU.ActiveCfg = Debug|Any CPU
		{723C9CC7-6EA9-4F94-AE24-2F7E431A87A9}.Debug|Any CPU.Build.0 = Debug|Any CPU
		{723C9CC7-6EA9-4F94-AE24-2F7E431A87A9}.Debug|x64.ActiveCfg = Debug|Any CPU
		{723C9CC7-6EA9-4F94-AE24-2F7E431A87A9}.Debug|x86.ActiveCfg = Debug|Any CPU
		{723C9CC7-6EA9-4F94-AE24-2F7E431A87A9}.Release 32|Any CPU.ActiveCfg = Release|Any CPU
		{723C9CC7-6EA9-4F94-AE24-2F7E431A87A9}.Release 32|Any CPU.Build.0 = Release|Any CPU
		{723C9CC7-6EA9-4F94-AE24-2F7E431A87A9}.Release 32|x64.ActiveCfg = Release|Any CPU
		{723C9CC7-6EA9-4F94-AE24-2F7E431A87A9}.Release 32|x86.ActiveCfg = Release|Any CPU
		{723C9CC7-6EA9-4F94-AE24-2F7E431A87A9}.Release 64|Any CPU.ActiveCfg = Release|Any CPU
		{723C9CC7-6EA9-4F94-AE24-2F7E431A87A9}.Release 64|Any CPU.Build.0 = Release|Any CPU
		{723C9CC7-6EA9-4F94-AE24-2F7E431A87A9}.Release 64|x64.ActiveCfg = Release|Any CPU
		{723C9CC7-6EA9-4F94-AE24-2F7E431A87A9}.Release 64|x86.ActiveCfg = Release|Any CPU
		{723C9CC7-6EA9-4F94-AE24-2F7E431A87A9}.Release|Any CPU.ActiveCfg = Release|Any CPU
		{723C9CC7-6EA9-4F94-AE24-2F7E431A87A9}.Release|Any CPU.Build.0 = Release|Any CPU
		{723C9CC7-6EA9-4F94-AE24-2F7E431A87A9}.Release|x64.ActiveCfg = Release|Any CPU
		{723C9CC7-6EA9-4F94-AE24-2F7E431A87A9}.Release|x86.ActiveCfg = Release|Any CPU
		{D19600DB-B336-4EC3-AAD8-A90F46270E1F}.Debug|Any CPU.ActiveCfg = Debug|Any CPU
		{D19600DB-B336-4EC3-AAD8-A90F46270E1F}.Debug|Any CPU.Build.0 = Debug|Any CPU
		{D19600DB-B336-4EC3-AAD8-A90F46270E1F}.Debug|x64.ActiveCfg = Debug|Any CPU
		{D19600DB-B336-4EC3-AAD8-A90F46270E1F}.Debug|x64.Build.0 = Debug|Any CPU
		{D19600DB-B336-4EC3-AAD8-A90F46270E1F}.Debug|x86.ActiveCfg = Debug|Any CPU
		{D19600DB-B336-4EC3-AAD8-A90F46270E1F}.Debug|x86.Build.0 = Debug|Any CPU
		{D19600DB-B336-4EC3-AAD8-A90F46270E1F}.Release 32|Any CPU.ActiveCfg = Release|Any CPU
		{D19600DB-B336-4EC3-AAD8-A90F46270E1F}.Release 32|Any CPU.Build.0 = Release|Any CPU
		{D19600DB-B336-4EC3-AAD8-A90F46270E1F}.Release 32|x64.ActiveCfg = Release|Any CPU
		{D19600DB-B336-4EC3-AAD8-A90F46270E1F}.Release 32|x64.Build.0 = Release|Any CPU
		{D19600DB-B336-4EC3-AAD8-A90F46270E1F}.Release 32|x86.ActiveCfg = Release|Any CPU
		{D19600DB-B336-4EC3-AAD8-A90F46270E1F}.Release 32|x86.Build.0 = Release|Any CPU
		{D19600DB-B336-4EC3-AAD8-A90F46270E1F}.Release 64|Any CPU.ActiveCfg = Release|Any CPU
		{D19600DB-B336-4EC3-AAD8-A90F46270E1F}.Release 64|Any CPU.Build.0 = Release|Any CPU
		{D19600DB-B336-4EC3-AAD8-A90F46270E1F}.Release 64|x64.ActiveCfg = Release|Any CPU
		{D19600DB-B336-4EC3-AAD8-A90F46270E1F}.Release 64|x64.Build.0 = Release|Any CPU
		{D19600DB-B336-4EC3-AAD8-A90F46270E1F}.Release 64|x86.ActiveCfg = Release|Any CPU
		{D19600DB-B336-4EC3-AAD8-A90F46270E1F}.Release 64|x86.Build.0 = Release|Any CPU
		{D19600DB-B336-4EC3-AAD8-A90F46270E1F}.Release|Any CPU.ActiveCfg = Release|Any CPU
		{D19600DB-B336-4EC3-AAD8-A90F46270E1F}.Release|Any CPU.Build.0 = Release|Any CPU
		{D19600DB-B336-4EC3-AAD8-A90F46270E1F}.Release|x64.ActiveCfg = Release|Any CPU
		{D19600DB-B336-4EC3-AAD8-A90F46270E1F}.Release|x64.Build.0 = Release|Any CPU
		{D19600DB-B336-4EC3-AAD8-A90F46270E1F}.Release|x86.ActiveCfg = Release|Any CPU
		{D19600DB-B336-4EC3-AAD8-A90F46270E1F}.Release|x86.Build.0 = Release|Any CPU
	EndGlobalSection
	GlobalSection(SolutionProperties) = preSolution
		HideSolutionNode = FALSE
	EndGlobalSection
	GlobalSection(TeamFoundationVersionControl) = preSolution
		SccNumberOfProjects = 13
		SccEnterpriseProvider = {4CA58AB2-18FA-4F8D-95D4-32DDF27D184C}
		SccTeamFoundationServer = http://arttfs:8080/tfs/dev
		SccLocalPath0 = .
		SccProjectUniqueName1 = ..\\..\\DataAccess\\ArtDatabanken\\ArtDatabanken\\ArtDatabanken.csproj
		SccProjectName1 = ../../DataAccess/ArtDatabanken/ArtDatabanken
		SccLocalPath1 = ..\\..\\DataAccess\\ArtDatabanken\\ArtDatabanken
		SccProjectUniqueName2 = ..\\..\\DataAccess\\ArtDatabanken.Data\\ArtDatabanken.Data\\ArtDatabanken.Data.csproj
		SccProjectName2 = ../../DataAccess/ArtDatabanken.Data/ArtDatabanken.Data
		SccLocalPath2 = ..\\..\\DataAccess\\ArtDatabanken.Data\\ArtDatabanken.Data
		SccProjectUniqueName3 = ..\\..\\Common\\ArtDatabanken.GIS\\ArtDatabanken.GIS\\ArtDatabanken.GIS.csproj
		SccProjectName3 = ../../Common/ArtDatabanken.GIS/ArtDatabanken.GIS
		SccLocalPath3 = ..\\..\\Common\\ArtDatabanken.GIS\\ArtDatabanken.GIS
		SccProjectUniqueName4 = ..\\..\\Common\\ArtDatabanken.WebApplication\\ArtDatabanken.WebApplication\\ArtDatabanken.WebApplication.csproj
		SccProjectName4 = ../../Common/ArtDatabanken.WebApplication/ArtDatabanken.WebApplication
		SccLocalPath4 = ..\\..\\Common\\ArtDatabanken.WebApplication\\ArtDatabanken.WebApplication
		SccProjectUniqueName5 = ..\\..\\DataAccess\\ArtDatabanken.WebService.Client\\ArtDatabanken.WebService.Client\\ArtDatabanken.WebService.Client.csproj
		SccProjectName5 = ../../DataAccess/ArtDatabanken.WebService.Client/ArtDatabanken.WebService.Client
		SccLocalPath5 = ..\\..\\DataAccess\\ArtDatabanken.WebService.Client\\ArtDatabanken.WebService.Client
		SccProjectUniqueName6 = ..\\..\\DataAccess\\ArtDatabanken.WebService.Data\\ArtDatabanken.WebService.Data\\ArtDatabanken.WebService.Data.csproj
		SccProjectName6 = ../../DataAccess/ArtDatabanken.WebService.Data/ArtDatabanken.WebService.Data
		SccLocalPath6 = ..\\..\\DataAccess\\ArtDatabanken.WebService.Data\\ArtDatabanken.WebService.Data
		SccProjectUniqueName7 = ..\\..\\DataAccess\\ArtDatabanken.WebService.Proxy\\ArtDatabanken.WebService.Proxy\\ArtDatabanken.WebService.Proxy.csproj
		SccProjectName7 = ../../DataAccess/ArtDatabanken.WebService.Proxy/ArtDatabanken.WebService.Proxy
		SccLocalPath7 = ..\\..\\DataAccess\\ArtDatabanken.WebService.Proxy\\ArtDatabanken.WebService.Proxy
		SccProjectUniqueName8 = AnalysisPortal\\AnalysisPortal.csproj
		SccProjectName8 = AnalysisPortal
		SccLocalPath8 = AnalysisPortal
		SccProjectUniqueName9 = ArtDatabanken.WebApplication.AnalysisPortal\\ArtDatabanken.WebApplication.AnalysisPortal.csproj
		SccProjectName9 = ArtDatabanken.WebApplication.AnalysisPortal
		SccLocalPath9 = ArtDatabanken.WebApplication.AnalysisPortal
		SccProjectUniqueName10 = ArtDatabanken.WebApplication.AnalysisPortal.Test\\ArtDatabanken.WebApplication.AnalysisPortal.Test.csproj
		SccProjectName10 = ArtDatabanken.WebApplication.AnalysisPortal.Test
		SccLocalPath10 = ArtDatabanken.WebApplication.AnalysisPortal.Test
		SccProjectUniqueName11 = AnalysisPortal.Test\\AnalysisPortal.Test.csproj
		SccProjectName11 = AnalysisPortal.Test
		SccLocalPath11 = AnalysisPortal.Test
		SccProjectUniqueName12 = AnalysisPortal.CoypuTest\\AnalysisPortal.CoypuTest.csproj
		SccProjectName12 = AnalysisPortal.CoypuTest
		SccLocalPath12 = AnalysisPortal.CoypuTest
	EndGlobalSection
EndGlobal
